dependencies:
  espressif/esp_hosted:
    component_hash: 59c68fc3a8f25388b9a239ddec5f7bc81e6310d51108db1688e129e791450c31
    dependencies:
    - name: idf
      require: private
      version: '>=5.3'
    source:
      registry_url: https://components.espressif.com/
      type: service
    version: 2.12.9
  idf:
    source:
      type: idf
    version: 5.5.4
direct_dependencies:
- espressif/esp_hosted
- idf
manifest_hash: f730a9bf64733a438ea2a0dae4acd8ba698725b951e0ddf5f5d0b4bce03b1fc2
target: esp32p4
version: 2.0.0
